
Microsoft Visual Studio Solution File, Format Version 12.00
# Visual Studio Version 16
VisualStudioVersion = 16.0.30621.155
MinimumVisualStudioVersion = 10.0.40219.1
Project("{FAE04EC0-301F-11D3-BF4B-00C04F79EFBC}") = "BackEnd", "BackEnd\BackEnd.csproj", "{77CC662C-E0F3-4E3E-88D6-2326447CD329}"
EndProject
Project("{FAE04EC0-301F-11D3-BF4B-00C04F79EFBC}") = "FrontEnd", "FrontEnd\FrontEnd.csproj", "{4245F41B-39C6-4555-97E4-E7B36BA41F56}"
EndProject
Global
	GlobalSection(SolutionConfigurationPlatforms) = preSolution
		Debug|Any CPU = Debug|Any CPU
		Release|Any CPU = Release|Any CPU
	EndGlobalSection
	GlobalSection(ProjectConfigurationPlatforms) = postSolution
		{77CC662C-E0F3-4E3E-88D6-2326447CD329}.Debug|Any CPU.ActiveCfg = Debug|Any CPU
		{77CC662C-E0F3-4E3E-88D6-2326447CD329}.Debug|Any CPU.Build.0 = Debug|Any CPU
		{77CC662C-E0F3-4E3E-88D6-2326447CD329}.Release|Any CPU.ActiveCfg = Release|Any CPU
		{77CC662C-E0F3-4E3E-88D6-2326447CD329}.Release|Any CPU.Build.0 = Release|Any CPU
		{4245F41B-39C6-4555-97E4-E7B36BA41F56}.Debug|Any CPU.ActiveCfg = Debug|Any CPU
		{4245F41B-39C6-4555-97E4-E7B36BA41F56}.Debug|Any CPU.Build.0 = Debug|Any CPU
		{4245F41B-39C6-4555-97E4-E7B36BA41F56}.Release|Any CPU.ActiveCfg = Release|Any CPU
		{4245F41B-39C6-4555-97E4-E7B36BA41F56}.Release|Any CPU.Build.0 = Release|Any CPU
	EndGlobalSection
	GlobalSection(SolutionProperties) = preSolution
		HideSolutionNode = FALSE
	EndGlobalSection
	GlobalSection(ExtensibilityGlobals) = postSolution
		SolutionGuid = {A7EB6059-3FD9-40F2-82DD-76AA3C37F4AC}
	EndGlobalSection
EndGlobal
